{
  "name": "tebogo-motibana-github-actions",
  "version": "1.0.0",
  "lockfileVersion": 3,
  "requires": true,
  "packages": {
    "": {
      "name": "tebogo-motibana-github-actions",
      "version": "1.0.0",
      "license": "ISC",
      "dependencies": {
        "tebogo-motibana-github-actions": "file:"
      }
    },
    "node_modules/tebogo-motibana-github-actions": {
      "resolved": "",
      "link": true
    }
  }
}
